
Microsoft Visual Studio Solution File, Format Version 12.00
# Visual Studio Version 16
VisualStudioVersion = 16.0.30114.105
MinimumVisualStudioVersion = 10.0.40219.1
Project("{FAE04EC0-301F-11D3-BF4B-00C04F79EFBC}") = "BasicNodes", "BasicNodes\BasicNodes.csproj", "{7AE24315-9FE7-429F-83D9-C989CFF5420D}"
EndProject
Project("{FAE04EC0-301F-11D3-BF4B-00C04F79EFBC}") = "VideoNodes", "VideoNodes\VideoNodes.csproj", "{CF96D3D1-1D8B-47F7-BEA7-BB238F7A566A}"
EndProject
Global
	GlobalSection(SolutionConfigurationPlatforms) = preSolution
		Debug|Any CPU = Debug|Any CPU
		Release|Any CPU = Release|Any CPU
	EndGlobalSection
	GlobalSection(SolutionProperties) = preSolution
		HideSolutionNode = FALSE
	EndGlobalSection
	GlobalSection(ProjectConfigurationPlatforms) = postSolution
		{7AE24315-9FE7-429F-83D9-C989CFF5420D}.Debug|Any CPU.ActiveCfg = Debug|Any CPU
		{7AE24315-9FE7-429F-83D9-C989CFF5420D}.Debug|Any CPU.Build.0 = Debug|Any CPU
		{7AE24315-9FE7-429F-83D9-C989CFF5420D}.Release|Any CPU.ActiveCfg = Release|Any CPU
		{7AE24315-9FE7-429F-83D9-C989CFF5420D}.Release|Any CPU.Build.0 = Release|Any CPU
		{CF96D3D1-1D8B-47F7-BEA7-BB238F7A566A}.Debug|Any CPU.ActiveCfg = Debug|Any CPU
		{CF96D3D1-1D8B-47F7-BEA7-BB238F7A566A}.Debug|Any CPU.Build.0 = Debug|Any CPU
		{CF96D3D1-1D8B-47F7-BEA7-BB238F7A566A}.Release|Any CPU.ActiveCfg = Release|Any CPU
		{CF96D3D1-1D8B-47F7-BEA7-BB238F7A566A}.Release|Any CPU.Build.0 = Release|Any CPU
	EndGlobalSection
EndGlobal
