
Microsoft Visual Studio Solution File, Format Version 12.00
# Visual Studio Version 17
VisualStudioVersion = 17.0.31903.59
MinimumVisualStudioVersion = 10.0.40219.1
Project("{9A19103F-16F7-4668-BE54-9A1E7A4F7556}") = "BasicNodes", "BasicNodes\BasicNodes.csproj", "{7AE24315-9FE7-429F-83D9-C989CFF5420D}"
EndProject
Project("{9A19103F-16F7-4668-BE54-9A1E7A4F7556}") = "VideoNodes", "VideoNodes\VideoNodes.csproj", "{CF96D3D1-1D8B-47F7-BEA7-BB238F7A566A}"
EndProject
Project("{9A19103F-16F7-4668-BE54-9A1E7A4F7556}") = "MetaNodes", "MetaNodes\MetaNodes.csproj", "{E6F8E9F6-31D7-4A89-966D-2690CA7C0528}"
EndProject
Project("{9A19103F-16F7-4668-BE54-9A1E7A4F7556}") = "ChecksumNodes", "ChecksumNodes\ChecksumNodes.csproj", "{910B0A24-0E5C-4E1D-9C52-D537F896DE02}"
EndProject
Project("{9A19103F-16F7-4668-BE54-9A1E7A4F7556}") = "EmailNodes", "EmailNodes\EmailNodes.csproj", "{8F2739B8-2BD6-4AAC-A54B-2EE1B4AAF559}"
EndProject
Project("{9A19103F-16F7-4668-BE54-9A1E7A4F7556}") = "Gotify", "Gotify\Gotify.csproj", "{18E7013A-BF85-47FA-806C-934267C7BCA5}"
EndProject
Project("{9A19103F-16F7-4668-BE54-9A1E7A4F7556}") = "DiscordNodes", "DiscordNodes\DiscordNodes.csproj", "{27721E6D-1FBF-4950-824E-5231CACDE64C}"
EndProject
Project("{9A19103F-16F7-4668-BE54-9A1E7A4F7556}") = "Plex", "Plex\Plex.csproj", "{4127A3CC-8BCE-41AE-BDE4-6FA75EF2D8A1}"
EndProject
Project("{9A19103F-16F7-4668-BE54-9A1E7A4F7556}") = "Emby", "Emby\Emby.csproj", "{C73A4E1F-E1CD-4803-BE6D-886DCBE18727}"
EndProject
Project("{9A19103F-16F7-4668-BE54-9A1E7A4F7556}") = "Apprise", "Apprise\Apprise.csproj", "{CA750701-C4CF-482F-B5F3-A40E188F3E14}"
EndProject
Project("{9A19103F-16F7-4668-BE54-9A1E7A4F7556}") = "ImageNodes", "ImageNodes\ImageNodes.csproj", "{3C6B9933-B6BC-4C00-9247-71F575AA276B}"
EndProject
Project("{9A19103F-16F7-4668-BE54-9A1E7A4F7556}") = "AudioNodes", "AudioNodes\AudioNodes.csproj", "{600204C7-94F1-4793-9D02-D836A1B15B60}"
EndProject
Project("{9A19103F-16F7-4668-BE54-9A1E7A4F7556}") = "ComicNodes", "ComicNodes\ComicNodes.csproj", "{45568FCB-00FF-4AEA-AA43-DC569D667B04}"
EndProject
Project("{9A19103F-16F7-4668-BE54-9A1E7A4F7556}") = "Telegram", "Telegram\Telegram.csproj", "{BFAD621E-4C82-47FC-A9C8-03F09FF9926C}"
EndProject
Project("{9A19103F-16F7-4668-BE54-9A1E7A4F7556}") = "SiteScraping", "SiteScraping\SiteScraping.csproj", "{A8227B00-9A44-4FE8-967B-46E289969563}"
EndProject
Project("{9A19103F-16F7-4668-BE54-9A1E7A4F7556}") = "Pushover", "Pushover\Pushover.csproj", "{1F236585-E866-4048-B89E-294156EB8614}"
EndProject
Project("{9A19103F-16F7-4668-BE54-9A1E7A4F7556}") = "Pushbullet", "Pushbullet\Pushbullet.csproj", "{EA10FED1-7710-4A40-A45E-209357D40839}"
EndProject
Project("{FAE04EC0-301F-11D3-BF4B-00C04F79EFBC}") = "Web", "Web\Web.csproj", "{F9AEA7E3-32F7-450D-A9A4-BFB95E6CC899}"
EndProject
Global
	GlobalSection(SolutionConfigurationPlatforms) = preSolution
		Debug|Any CPU = Debug|Any CPU
		Release|Any CPU = Release|Any CPU
	EndGlobalSection
	GlobalSection(ProjectConfigurationPlatforms) = postSolution
		{7AE24315-9FE7-429F-83D9-C989CFF5420D}.Debug|Any CPU.ActiveCfg = Debug|Any CPU
		{7AE24315-9FE7-429F-83D9-C989CFF5420D}.Debug|Any CPU.Build.0 = Debug|Any CPU
		{7AE24315-9FE7-429F-83D9-C989CFF5420D}.Release|Any CPU.ActiveCfg = Release|Any CPU
		{7AE24315-9FE7-429F-83D9-C989CFF5420D}.Release|Any CPU.Build.0 = Release|Any CPU
		{CF96D3D1-1D8B-47F7-BEA7-BB238F7A566A}.Debug|Any CPU.ActiveCfg = Debug|Any CPU
		{CF96D3D1-1D8B-47F7-BEA7-BB238F7A566A}.Debug|Any CPU.Build.0 = Debug|Any CPU
		{CF96D3D1-1D8B-47F7-BEA7-BB238F7A566A}.Release|Any CPU.ActiveCfg = Release|Any CPU
		{CF96D3D1-1D8B-47F7-BEA7-BB238F7A566A}.Release|Any CPU.Build.0 = Release|Any CPU
		{E6F8E9F6-31D7-4A89-966D-2690CA7C0528}.Debug|Any CPU.ActiveCfg = Debug|Any CPU
		{E6F8E9F6-31D7-4A89-966D-2690CA7C0528}.Debug|Any CPU.Build.0 = Debug|Any CPU
		{E6F8E9F6-31D7-4A89-966D-2690CA7C0528}.Release|Any CPU.ActiveCfg = Release|Any CPU
		{E6F8E9F6-31D7-4A89-966D-2690CA7C0528}.Release|Any CPU.Build.0 = Release|Any CPU
		{910B0A24-0E5C-4E1D-9C52-D537F896DE02}.Debug|Any CPU.ActiveCfg = Debug|Any CPU
		{910B0A24-0E5C-4E1D-9C52-D537F896DE02}.Debug|Any CPU.Build.0 = Debug|Any CPU
		{910B0A24-0E5C-4E1D-9C52-D537F896DE02}.Release|Any CPU.ActiveCfg = Release|Any CPU
		{910B0A24-0E5C-4E1D-9C52-D537F896DE02}.Release|Any CPU.Build.0 = Release|Any CPU
		{8F2739B8-2BD6-4AAC-A54B-2EE1B4AAF559}.Debug|Any CPU.ActiveCfg = Debug|Any CPU
		{8F2739B8-2BD6-4AAC-A54B-2EE1B4AAF559}.Debug|Any CPU.Build.0 = Debug|Any CPU
		{8F2739B8-2BD6-4AAC-A54B-2EE1B4AAF559}.Release|Any CPU.ActiveCfg = Release|Any CPU
		{8F2739B8-2BD6-4AAC-A54B-2EE1B4AAF559}.Release|Any CPU.Build.0 = Release|Any CPU
		{18E7013A-BF85-47FA-806C-934267C7BCA5}.Debug|Any CPU.ActiveCfg = Debug|Any CPU
		{18E7013A-BF85-47FA-806C-934267C7BCA5}.Debug|Any CPU.Build.0 = Debug|Any CPU
		{18E7013A-BF85-47FA-806C-934267C7BCA5}.Release|Any CPU.ActiveCfg = Release|Any CPU
		{18E7013A-BF85-47FA-806C-934267C7BCA5}.Release|Any CPU.Build.0 = Release|Any CPU
		{27721E6D-1FBF-4950-824E-5231CACDE64C}.Debug|Any CPU.ActiveCfg = Debug|Any CPU
		{27721E6D-1FBF-4950-824E-5231CACDE64C}.Debug|Any CPU.Build.0 = Debug|Any CPU
		{27721E6D-1FBF-4950-824E-5231CACDE64C}.Release|Any CPU.ActiveCfg = Release|Any CPU
		{27721E6D-1FBF-4950-824E-5231CACDE64C}.Release|Any CPU.Build.0 = Release|Any CPU
		{4127A3CC-8BCE-41AE-BDE4-6FA75EF2D8A1}.Debug|Any CPU.ActiveCfg = Debug|Any CPU
		{4127A3CC-8BCE-41AE-BDE4-6FA75EF2D8A1}.Debug|Any CPU.Build.0 = Debug|Any CPU
		{4127A3CC-8BCE-41AE-BDE4-6FA75EF2D8A1}.Release|Any CPU.ActiveCfg = Release|Any CPU
		{4127A3CC-8BCE-41AE-BDE4-6FA75EF2D8A1}.Release|Any CPU.Build.0 = Release|Any CPU
		{C73A4E1F-E1CD-4803-BE6D-886DCBE18727}.Debug|Any CPU.ActiveCfg = Debug|Any CPU
		{C73A4E1F-E1CD-4803-BE6D-886DCBE18727}.Debug|Any CPU.Build.0 = Debug|Any CPU
		{C73A4E1F-E1CD-4803-BE6D-886DCBE18727}.Release|Any CPU.ActiveCfg = Release|Any CPU
		{C73A4E1F-E1CD-4803-BE6D-886DCBE18727}.Release|Any CPU.Build.0 = Release|Any CPU
		{CA750701-C4CF-482F-B5F3-A40E188F3E14}.Debug|Any CPU.ActiveCfg = Debug|Any CPU
		{CA750701-C4CF-482F-B5F3-A40E188F3E14}.Debug|Any CPU.Build.0 = Debug|Any CPU
		{CA750701-C4CF-482F-B5F3-A40E188F3E14}.Release|Any CPU.ActiveCfg = Release|Any CPU
		{CA750701-C4CF-482F-B5F3-A40E188F3E14}.Release|Any CPU.Build.0 = Release|Any CPU
		{3C6B9933-B6BC-4C00-9247-71F575AA276B}.Debug|Any CPU.ActiveCfg = Debug|Any CPU
		{3C6B9933-B6BC-4C00-9247-71F575AA276B}.Debug|Any CPU.Build.0 = Debug|Any CPU
		{3C6B9933-B6BC-4C00-9247-71F575AA276B}.Release|Any CPU.ActiveCfg = Release|Any CPU
		{3C6B9933-B6BC-4C00-9247-71F575AA276B}.Release|Any CPU.Build.0 = Release|Any CPU
		{600204C7-94F1-4793-9D02-D836A1B15B60}.Debug|Any CPU.ActiveCfg = Debug|Any CPU
		{600204C7-94F1-4793-9D02-D836A1B15B60}.Debug|Any CPU.Build.0 = Debug|Any CPU
		{600204C7-94F1-4793-9D02-D836A1B15B60}.Release|Any CPU.ActiveCfg = Release|Any CPU
		{600204C7-94F1-4793-9D02-D836A1B15B60}.Release|Any CPU.Build.0 = Release|Any CPU
		{45568FCB-00FF-4AEA-AA43-DC569D667B04}.Debug|Any CPU.ActiveCfg = Debug|Any CPU
		{45568FCB-00FF-4AEA-AA43-DC569D667B04}.Debug|Any CPU.Build.0 = Debug|Any CPU
		{45568FCB-00FF-4AEA-AA43-DC569D667B04}.Release|Any CPU.ActiveCfg = Release|Any CPU
		{45568FCB-00FF-4AEA-AA43-DC569D667B04}.Release|Any CPU.Build.0 = Release|Any CPU
		{BFAD621E-4C82-47FC-A9C8-03F09FF9926C}.Debug|Any CPU.ActiveCfg = Debug|Any CPU
		{BFAD621E-4C82-47FC-A9C8-03F09FF9926C}.Debug|Any CPU.Build.0 = Debug|Any CPU
		{BFAD621E-4C82-47FC-A9C8-03F09FF9926C}.Release|Any CPU.ActiveCfg = Release|Any CPU
		{BFAD621E-4C82-47FC-A9C8-03F09FF9926C}.Release|Any CPU.Build.0 = Release|Any CPU
		{A8227B00-9A44-4FE8-967B-46E289969563}.Debug|Any CPU.ActiveCfg = Debug|Any CPU
		{A8227B00-9A44-4FE8-967B-46E289969563}.Debug|Any CPU.Build.0 = Debug|Any CPU
		{A8227B00-9A44-4FE8-967B-46E289969563}.Release|Any CPU.ActiveCfg = Release|Any CPU
		{A8227B00-9A44-4FE8-967B-46E289969563}.Release|Any CPU.Build.0 = Release|Any CPU
		{1F236585-E866-4048-B89E-294156EB8614}.Debug|Any CPU.ActiveCfg = Debug|Any CPU
		{1F236585-E866-4048-B89E-294156EB8614}.Debug|Any CPU.Build.0 = Debug|Any CPU
		{1F236585-E866-4048-B89E-294156EB8614}.Release|Any CPU.ActiveCfg = Release|Any CPU
		{1F236585-E866-4048-B89E-294156EB8614}.Release|Any CPU.Build.0 = Release|Any CPU
		{EA10FED1-7710-4A40-A45E-209357D40839}.Debug|Any CPU.ActiveCfg = Debug|Any CPU
		{EA10FED1-7710-4A40-A45E-209357D40839}.Debug|Any CPU.Build.0 = Debug|Any CPU
		{EA10FED1-7710-4A40-A45E-209357D40839}.Release|Any CPU.ActiveCfg = Release|Any CPU
		{EA10FED1-7710-4A40-A45E-209357D40839}.Release|Any CPU.Build.0 = Release|Any CPU
		{F9AEA7E3-32F7-450D-A9A4-BFB95E6CC899}.Debug|Any CPU.ActiveCfg = Debug|Any CPU
		{F9AEA7E3-32F7-450D-A9A4-BFB95E6CC899}.Debug|Any CPU.Build.0 = Debug|Any CPU
		{F9AEA7E3-32F7-450D-A9A4-BFB95E6CC899}.Release|Any CPU.ActiveCfg = Release|Any CPU
		{F9AEA7E3-32F7-450D-A9A4-BFB95E6CC899}.Release|Any CPU.Build.0 = Release|Any CPU
	EndGlobalSection
	GlobalSection(SolutionProperties) = preSolution
		HideSolutionNode = FALSE
	EndGlobalSection
	GlobalSection(ExtensibilityGlobals) = postSolution
		SolutionGuid = {B689155F-BBFF-477B-A041-35C1CAD6D24D}
	EndGlobalSection
EndGlobal
