
Microsoft Visual Studio Solution File, Format Version 12.00
# Visual Studio Version 17
VisualStudioVersion = 17.0.31903.59
MinimumVisualStudioVersion = 10.0.40219.1
Project("{9A19103F-16F7-4668-BE54-9A1E7A4F7556}") = "BasicNodes", "BasicNodes\BasicNodes.csproj", "{7AE24315-9FE7-429F-83D9-C989CFF5420D}"
EndProject
Project("{9A19103F-16F7-4668-BE54-9A1E7A4F7556}") = "VideoNodes", "VideoNodes\VideoNodes.csproj", "{CF96D3D1-1D8B-47F7-BEA7-BB238F7A566A}"
EndProject
Project("{9A19103F-16F7-4668-BE54-9A1E7A4F7556}") = "MetaNodes", "MetaNodes\MetaNodes.csproj", "{E6F8E9F6-31D7-4A89-966D-2690CA7C0528}"
EndProject
Project("{9A19103F-16F7-4668-BE54-9A1E7A4F7556}") = "ChecksumNodes", "ChecksumNodes\ChecksumNodes.csproj", "{910B0A24-0E5C-4E1D-9C52-D537F896DE02}"
EndProject
Project("{9A19103F-16F7-4668-BE54-9A1E7A4F7556}") = "CollectionNodes", "CollectionNodes\CollectionNodes.csproj", "{4211AAE9-0764-4626-B0F2-089A466E002A}"
EndProject
Project("{9A19103F-16F7-4668-BE54-9A1E7A4F7556}") = "MusicNodes", "MusicNodes\MusicNodes.csproj", "{A7D498A4-5C67-45E9-9D33-20E8F570C25A}"
EndProject
Project("{9A19103F-16F7-4668-BE54-9A1E7A4F7556}") = "EmailNodes", "EmailNodes\EmailNodes.csproj", "{8F2739B8-2BD6-4AAC-A54B-2EE1B4AAF559}"
EndProject
Global
	GlobalSection(SolutionConfigurationPlatforms) = preSolution
		Debug|Any CPU = Debug|Any CPU
		Release|Any CPU = Release|Any CPU
	EndGlobalSection
	GlobalSection(ProjectConfigurationPlatforms) = postSolution
		{7AE24315-9FE7-429F-83D9-C989CFF5420D}.Debug|Any CPU.ActiveCfg = Debug|Any CPU
		{7AE24315-9FE7-429F-83D9-C989CFF5420D}.Debug|Any CPU.Build.0 = Debug|Any CPU
		{7AE24315-9FE7-429F-83D9-C989CFF5420D}.Release|Any CPU.ActiveCfg = Release|Any CPU
		{7AE24315-9FE7-429F-83D9-C989CFF5420D}.Release|Any CPU.Build.0 = Release|Any CPU
		{CF96D3D1-1D8B-47F7-BEA7-BB238F7A566A}.Debug|Any CPU.ActiveCfg = Debug|Any CPU
		{CF96D3D1-1D8B-47F7-BEA7-BB238F7A566A}.Debug|Any CPU.Build.0 = Debug|Any CPU
		{CF96D3D1-1D8B-47F7-BEA7-BB238F7A566A}.Release|Any CPU.ActiveCfg = Release|Any CPU
		{CF96D3D1-1D8B-47F7-BEA7-BB238F7A566A}.Release|Any CPU.Build.0 = Release|Any CPU
		{E6F8E9F6-31D7-4A89-966D-2690CA7C0528}.Debug|Any CPU.ActiveCfg = Debug|Any CPU
		{E6F8E9F6-31D7-4A89-966D-2690CA7C0528}.Debug|Any CPU.Build.0 = Debug|Any CPU
		{E6F8E9F6-31D7-4A89-966D-2690CA7C0528}.Release|Any CPU.ActiveCfg = Release|Any CPU
		{E6F8E9F6-31D7-4A89-966D-2690CA7C0528}.Release|Any CPU.Build.0 = Release|Any CPU
		{910B0A24-0E5C-4E1D-9C52-D537F896DE02}.Debug|Any CPU.ActiveCfg = Debug|Any CPU
		{910B0A24-0E5C-4E1D-9C52-D537F896DE02}.Debug|Any CPU.Build.0 = Debug|Any CPU
		{910B0A24-0E5C-4E1D-9C52-D537F896DE02}.Release|Any CPU.ActiveCfg = Release|Any CPU
		{910B0A24-0E5C-4E1D-9C52-D537F896DE02}.Release|Any CPU.Build.0 = Release|Any CPU
		{4211AAE9-0764-4626-B0F2-089A466E002A}.Debug|Any CPU.ActiveCfg = Debug|Any CPU
		{4211AAE9-0764-4626-B0F2-089A466E002A}.Debug|Any CPU.Build.0 = Debug|Any CPU
		{4211AAE9-0764-4626-B0F2-089A466E002A}.Release|Any CPU.ActiveCfg = Release|Any CPU
		{4211AAE9-0764-4626-B0F2-089A466E002A}.Release|Any CPU.Build.0 = Release|Any CPU
		{A7D498A4-5C67-45E9-9D33-20E8F570C25A}.Debug|Any CPU.ActiveCfg = Debug|Any CPU
		{A7D498A4-5C67-45E9-9D33-20E8F570C25A}.Debug|Any CPU.Build.0 = Debug|Any CPU
		{A7D498A4-5C67-45E9-9D33-20E8F570C25A}.Release|Any CPU.ActiveCfg = Release|Any CPU
		{A7D498A4-5C67-45E9-9D33-20E8F570C25A}.Release|Any CPU.Build.0 = Release|Any CPU
		{8F2739B8-2BD6-4AAC-A54B-2EE1B4AAF559}.Debug|Any CPU.ActiveCfg = Debug|Any CPU
		{8F2739B8-2BD6-4AAC-A54B-2EE1B4AAF559}.Debug|Any CPU.Build.0 = Debug|Any CPU
		{8F2739B8-2BD6-4AAC-A54B-2EE1B4AAF559}.Release|Any CPU.ActiveCfg = Release|Any CPU
		{8F2739B8-2BD6-4AAC-A54B-2EE1B4AAF559}.Release|Any CPU.Build.0 = Release|Any CPU
	EndGlobalSection
	GlobalSection(SolutionProperties) = preSolution
		HideSolutionNode = FALSE
	EndGlobalSection
	GlobalSection(ExtensibilityGlobals) = postSolution
		SolutionGuid = {B689155F-BBFF-477B-A041-35C1CAD6D24D}
	EndGlobalSection
EndGlobal
